// !$*UTF8*$!
{
	archiveVersion = 1;
	classes = {
	};
	objectVersion = 55;
	objects = {

/* Begin PBXBuildFile section */
		2107480428910B7500C74470 /* BaseApi.swift in Sources */ = {isa = PBXBuildFile; fileRef = 2107480328910B7500C74470 /* BaseApi.swift */; };
		21210FF228901CD10014E490 /* DateComponents.swift in Sources */ = {isa = PBXBuildFile; fileRef = 21210FF128901CD00014E490 /* DateComponents.swift */; };
		21210FF428901DED0014E490 /* ADay.swift in Sources */ = {isa = PBXBuildFile; fileRef = 21210FF328901DED0014E490 /* ADay.swift */; };
		21210FF6289035A60014E490 /* AMonth.swift in Sources */ = {isa = PBXBuildFile; fileRef = 21210FF5289035A60014E490 /* AMonth.swift */; };
		61A8957C2882E22E00BD2A91 /* AppDelegate.swift in Sources */ = {isa = PBXBuildFile; fileRef = 61A8957B2882E22E00BD2A91 /* AppDelegate.swift */; };
		61A8957E2882E22E00BD2A91 /* SceneDelegate.swift in Sources */ = {isa = PBXBuildFile; fileRef = 61A8957D2882E22E00BD2A91 /* SceneDelegate.swift */; };
		61A895802882E22E00BD2A91 /* ViewController.swift in Sources */ = {isa = PBXBuildFile; fileRef = 61A8957F2882E22E00BD2A91 /* ViewController.swift */; };
		61A895832882E22E00BD2A91 /* Main.storyboard in Resources */ = {isa = PBXBuildFile; fileRef = 61A895812882E22E00BD2A91 /* Main.storyboard */; };
		61A895852882E22F00BD2A91 /* Assets.xcassets in Resources */ = {isa = PBXBuildFile; fileRef = 61A895842882E22F00BD2A91 /* Assets.xcassets */; };
		61A895882882E22F00BD2A91 /* LaunchScreen.storyboard in Resources */ = {isa = PBXBuildFile; fileRef = 61A895862882E22F00BD2A91 /* LaunchScreen.storyboard */; };
		61A895952883A8AB00BD2A91 /* MonthViewController.swift in Sources */ = {isa = PBXBuildFile; fileRef = 61A895932883A8AB00BD2A91 /* MonthViewController.swift */; };
		61A895962883A8AB00BD2A91 /* MonthViewController.xib in Resources */ = {isa = PBXBuildFile; fileRef = 61A895942883A8AB00BD2A91 /* MonthViewController.xib */; };
		61A8959B2883B9B100BD2A91 /* MonthCollectionViewCell.swift in Sources */ = {isa = PBXBuildFile; fileRef = 61A895992883B9B100BD2A91 /* MonthCollectionViewCell.swift */; };
		61A8959C2883B9B100BD2A91 /* MonthCollectionViewCell.xib in Resources */ = {isa = PBXBuildFile; fileRef = 61A8959A2883B9B100BD2A91 /* MonthCollectionViewCell.xib */; };
		61A895A62884602300BD2A91 /* WeekdayViewController.swift in Sources */ = {isa = PBXBuildFile; fileRef = 61A895A42884602300BD2A91 /* WeekdayViewController.swift */; };
		61A895A72884602300BD2A91 /* WeekdayViewController.xib in Resources */ = {isa = PBXBuildFile; fileRef = 61A895A52884602300BD2A91 /* WeekdayViewController.xib */; };
		D7C19DCE8E8872D9BB111A3C /* Pods_YCalendar.framework in Frameworks */ = {isa = PBXBuildFile; fileRef = AE672C391725531BBF455E41 /* Pods_YCalendar.framework */; };
/* End PBXBuildFile section */

/* Begin PBXFileReference section */
		09622AC3FDCE3DEB69114C0E /* Pods-YCalendar.release.xcconfig */ = {isa = PBXFileReference; includeInIndex = 1; lastKnownFileType = text.xcconfig; name = "Pods-YCalendar.release.xcconfig"; path = "Target Support Files/Pods-YCalendar/Pods-YCalendar.release.xcconfig"; sourceTree = "<group>"; };
		2107480328910B7500C74470 /* BaseApi.swift */ = {isa = PBXFileReference; lastKnownFileType = sourcecode.swift; path = BaseApi.swift; sourceTree = "<group>"; };
		21210FF128901CD00014E490 /* DateComponents.swift */ = {isa = PBXFileReference; lastKnownFileType = sourcecode.swift; path = DateComponents.swift; sourceTree = "<group>"; };
		21210FF328901DED0014E490 /* ADay.swift */ = {isa = PBXFileReference; lastKnownFileType = sourcecode.swift; path = ADay.swift; sourceTree = "<group>"; };
		21210FF5289035A60014E490 /* AMonth.swift */ = {isa = PBXFileReference; lastKnownFileType = sourcecode.swift; path = AMonth.swift; sourceTree = "<group>"; };
		61760B692884DF16001938FA /* YCalendar.entitlements */ = {isa = PBXFileReference; lastKnownFileType = text.plist.entitlements; path = YCalendar.entitlements; sourceTree = "<group>"; };
		61A895782882E22E00BD2A91 /* YCalendar.app */ = {isa = PBXFileReference; explicitFileType = wrapper.application; includeInIndex = 0; path = YCalendar.app; sourceTree = BUILT_PRODUCTS_DIR; };
		61A8957B2882E22E00BD2A91 /* AppDelegate.swift */ = {isa = PBXFileReference; lastKnownFileType = sourcecode.swift; path = AppDelegate.swift; sourceTree = "<group>"; };
		61A8957D2882E22E00BD2A91 /* SceneDelegate.swift */ = {isa = PBXFileReference; lastKnownFileType = sourcecode.swift; path = SceneDelegate.swift; sourceTree = "<group>"; };
		61A8957F2882E22E00BD2A91 /* ViewController.swift */ = {isa = PBXFileReference; lastKnownFileType = sourcecode.swift; path = ViewController.swift; sourceTree = "<group>"; };
		61A895822882E22E00BD2A91 /* Base */ = {isa = PBXFileReference; lastKnownFileType = file.storyboard; name = Base; path = Base.lproj/Main.storyboard; sourceTree = "<group>"; };
		61A895842882E22F00BD2A91 /* Assets.xcassets */ = {isa = PBXFileReference; lastKnownFileType = folder.assetcatalog; path = Assets.xcassets; sourceTree = "<group>"; };
		61A895872882E22F00BD2A91 /* Base */ = {isa = PBXFileReference; lastKnownFileType = file.storyboard; name = Base; path = Base.lproj/LaunchScreen.storyboard; sourceTree = "<group>"; };
		61A895892882E22F00BD2A91 /* Info.plist */ = {isa = PBXFileReference; lastKnownFileType = text.plist.xml; path = Info.plist; sourceTree = "<group>"; };
		61A895932883A8AB00BD2A91 /* MonthViewController.swift */ = {isa = PBXFileReference; lastKnownFileType = sourcecode.swift; path = MonthViewController.swift; sourceTree = "<group>"; };
		61A895942883A8AB00BD2A91 /* MonthViewController.xib */ = {isa = PBXFileReference; lastKnownFileType = file.xib; path = MonthViewController.xib; sourceTree = "<group>"; };
		61A895992883B9B100BD2A91 /* MonthCollectionViewCell.swift */ = {isa = PBXFileReference; lastKnownFileType = sourcecode.swift; path = MonthCollectionViewCell.swift; sourceTree = "<group>"; };
		61A8959A2883B9B100BD2A91 /* MonthCollectionViewCell.xib */ = {isa = PBXFileReference; lastKnownFileType = file.xib; path = MonthCollectionViewCell.xib; sourceTree = "<group>"; };
		61A895A42884602300BD2A91 /* WeekdayViewController.swift */ = {isa = PBXFileReference; lastKnownFileType = sourcecode.swift; path = WeekdayViewController.swift; sourceTree = "<group>"; };
		61A895A52884602300BD2A91 /* WeekdayViewController.xib */ = {isa = PBXFileReference; lastKnownFileType = file.xib; path = WeekdayViewController.xib; sourceTree = "<group>"; };
		8B70D0EB55ED2DAED3DBC270 /* Pods-YCalendar.debug.xcconfig */ = {isa = PBXFileReference; includeInIndex = 1; lastKnownFileType = text.xcconfig; name = "Pods-YCalendar.debug.xcconfig"; path = "Target Support Files/Pods-YCalendar/Pods-YCalendar.debug.xcconfig"; sourceTree = "<group>"; };
		AE672C391725531BBF455E41 /* Pods_YCalendar.framework */ = {isa = PBXFileReference; explicitFileType = wrapper.framework; includeInIndex = 0; path = Pods_YCalendar.framework; sourceTree = BUILT_PRODUCTS_DIR; };
/* End PBXFileReference section */

/* Begin PBXFrameworksBuildPhase section */
		61A895752882E22E00BD2A91 /* Frameworks */ = {
			isa = PBXFrameworksBuildPhase;
			buildActionMask = 2147483647;
			files = (
				D7C19DCE8E8872D9BB111A3C /* Pods_YCalendar.framework in Frameworks */,
			);
			runOnlyForDeploymentPostprocessing = 0;
		};
/* End PBXFrameworksBuildPhase section */

/* Begin PBXGroup section */
		210748002890F12A00C74470 /* ViewModel */ = {
			isa = PBXGroup;
			children = (
			);
			path = ViewModel;
			sourceTree = "<group>";
		};
		2107480228910B3F00C74470 /* Manager */ = {
			isa = PBXGroup;
			children = (
				2107480328910B7500C74470 /* BaseApi.swift */,
			);
			path = Manager;
			sourceTree = "<group>";
		};
		535C268F538506123A5CD3C2 /* Frameworks */ = {
			isa = PBXGroup;
			children = (
				AE672C391725531BBF455E41 /* Pods_YCalendar.framework */,
			);
			name = Frameworks;
			sourceTree = "<group>";
		};
		61A8956F2882E22E00BD2A91 = {
			isa = PBXGroup;
			children = (
				61A8957A2882E22E00BD2A91 /* YCalendar */,
				61A895792882E22E00BD2A91 /* Products */,
				EBCE935758C63D34E27D4251 /* Pods */,
				535C268F538506123A5CD3C2 /* Frameworks */,
			);
			sourceTree = "<group>";
		};
		61A895792882E22E00BD2A91 /* Products */ = {
			isa = PBXGroup;
			children = (
				61A895782882E22E00BD2A91 /* YCalendar.app */,
			);
			name = Products;
			sourceTree = "<group>";
		};
		61A8957A2882E22E00BD2A91 /* YCalendar */ = {
			isa = PBXGroup;
			children = (
				61A8959F288445E100BD2A91 /* App */,
				2107480228910B3F00C74470 /* Manager */,
				61A895A32884466200BD2A91 /* Model */,
				61A895A12884461B00BD2A91 /* Resource */,
				61A895A0288445F300BD2A91 /* ViewController */,
				210748002890F12A00C74470 /* ViewModel */,
				61760B692884DF16001938FA /* YCalendar.entitlements */,
			);
			path = YCalendar;
			sourceTree = "<group>";
		};
		61A8959F288445E100BD2A91 /* App */ = {
			isa = PBXGroup;
			children = (
				61A8957B2882E22E00BD2A91 /* AppDelegate.swift */,
				61A895892882E22F00BD2A91 /* Info.plist */,
				61A895862882E22F00BD2A91 /* LaunchScreen.storyboard */,
				61A895812882E22E00BD2A91 /* Main.storyboard */,
				61A8957D2882E22E00BD2A91 /* SceneDelegate.swift */,
			);
			path = App;
			sourceTree = "<group>";
		};
		61A895A0288445F300BD2A91 /* ViewController */ = {
			isa = PBXGroup;
			children = (
				61A895992883B9B100BD2A91 /* MonthCollectionViewCell.swift */,
				61A8959A2883B9B100BD2A91 /* MonthCollectionViewCell.xib */,
				61A895932883A8AB00BD2A91 /* MonthViewController.swift */,
				61A895942883A8AB00BD2A91 /* MonthViewController.xib */,
				61A8957F2882E22E00BD2A91 /* ViewController.swift */,
				61A895A42884602300BD2A91 /* WeekdayViewController.swift */,
				61A895A52884602300BD2A91 /* WeekdayViewController.xib */,
			);
			path = ViewController;
			sourceTree = "<group>";
		};
		61A895A12884461B00BD2A91 /* Resource */ = {
			isa = PBXGroup;
			children = (
				61A895842882E22F00BD2A91 /* Assets.xcassets */,
			);
			path = Resource;
			sourceTree = "<group>";
		};
		61A895A32884466200BD2A91 /* Model */ = {
			isa = PBXGroup;
			children = (
				21210FF128901CD00014E490 /* DateComponents.swift */,
				21210FF328901DED0014E490 /* ADay.swift */,
				21210FF5289035A60014E490 /* AMonth.swift */,
			);
			path = Model;
			sourceTree = "<group>";
		};
		EBCE935758C63D34E27D4251 /* Pods */ = {
			isa = PBXGroup;
			children = (
				8B70D0EB55ED2DAED3DBC270 /* Pods-YCalendar.debug.xcconfig */,
				09622AC3FDCE3DEB69114C0E /* Pods-YCalendar.release.xcconfig */,
			);
			path = Pods;
			sourceTree = "<group>";
		};
/* End PBXGroup section */

/* Begin PBXNativeTarget section */
		61A895772882E22E00BD2A91 /* YCalendar */ = {
			isa = PBXNativeTarget;
			buildConfigurationList = 61A8958C2882E22F00BD2A91 /* Build configuration list for PBXNativeTarget "YCalendar" */;
			buildPhases = (
				2B10A6C9AB898E6D069A0A1D /* [CP] Check Pods Manifest.lock */,
				61A895742882E22E00BD2A91 /* Sources */,
				61A895752882E22E00BD2A91 /* Frameworks */,
				61A895762882E22E00BD2A91 /* Resources */,
				44F698DB7ED7CD44AA003B41 /* [CP] Embed Pods Frameworks */,
			);
			buildRules = (
			);
			dependencies = (
			);
			name = YCalendar;
			productName = YCanlendar;
			productReference = 61A895782882E22E00BD2A91 /* YCalendar.app */;
			productType = "com.apple.product-type.application";
		};
/* End PBXNativeTarget section */

/* Begin PBXProject section */
		61A895702882E22E00BD2A91 /* Project object */ = {
			isa = PBXProject;
			attributes = {
				BuildIndependentTargetsInParallel = 1;
				LastSwiftUpdateCheck = 1340;
				LastUpgradeCheck = 1340;
				TargetAttributes = {
					61A895772882E22E00BD2A91 = {
						CreatedOnToolsVersion = 13.4.1;
					};
				};
			};
			buildConfigurationList = 61A895732882E22E00BD2A91 /* Build configuration list for PBXProject "YCalendar" */;
			compatibilityVersion = "Xcode 13.0";
			developmentRegion = en;
			hasScannedForEncodings = 0;
			knownRegions = (
				en,
				Base,
			);
			mainGroup = 61A8956F2882E22E00BD2A91;
			productRefGroup = 61A895792882E22E00BD2A91 /* Products */;
			projectDirPath = "";
			projectRoot = "";
			targets = (
				61A895772882E22E00BD2A91 /* YCalendar */,
			);
		};
/* End PBXProject section */

/* Begin PBXResourcesBuildPhase section */
		61A895762882E22E00BD2A91 /* Resources */ = {
			isa = PBXResourcesBuildPhase;
			buildActionMask = 2147483647;
			files = (
				61A895882882E22F00BD2A91 /* LaunchScreen.storyboard in Resources */,
				61A895962883A8AB00BD2A91 /* MonthViewController.xib in Resources */,
				61A895852882E22F00BD2A91 /* Assets.xcassets in Resources */,
				61A895832882E22E00BD2A91 /* Main.storyboard in Resources */,
				61A8959C2883B9B100BD2A91 /* MonthCollectionViewCell.xib in Resources */,
				61A895A72884602300BD2A91 /* WeekdayViewController.xib in Resources */,
			);
			runOnlyForDeploymentPostprocessing = 0;
		};
/* End PBXResourcesBuildPhase section */

/* Begin PBXShellScriptBuildPhase section */
		2B10A6C9AB898E6D069A0A1D /* [CP] Check Pods Manifest.lock */ = {
			isa = PBXShellScriptBuildPhase;
			buildActionMask = 2147483647;
			files = (
			);
			inputFileListPaths = (
			);
			inputPaths = (
				"${PODS_PODFILE_DIR_PATH}/Podfile.lock",
				"${PODS_ROOT}/Manifest.lock",
			);
			name = "[CP] Check Pods Manifest.lock";
			outputFileListPaths = (
			);
			outputPaths = (
				"$(DERIVED_FILE_DIR)/Pods-YCalendar-checkManifestLockResult.txt",
			);
			runOnlyForDeploymentPostprocessing = 0;
			shellPath = /bin/sh;
			shellScript = "diff \"${PODS_PODFILE_DIR_PATH}/Podfile.lock\" \"${PODS_ROOT}/Manifest.lock\" > /dev/null\nif [ $? != 0 ] ; then\n    # print error to STDERR\n    echo \"error: The sandbox is not in sync with the Podfile.lock. Run 'pod install' or update your CocoaPods installation.\" >&2\n    exit 1\nfi\n# This output is used by Xcode 'outputs' to avoid re-running this script phase.\necho \"SUCCESS\" > \"${SCRIPT_OUTPUT_FILE_0}\"\n";
			showEnvVarsInLog = 0;
		};
		44F698DB7ED7CD44AA003B41 /* [CP] Embed Pods Frameworks */ = {
			isa = PBXShellScriptBuildPhase;
			buildActionMask = 2147483647;
			files = (
			);
			inputFileListPaths = (
				"${PODS_ROOT}/Target Support Files/Pods-YCalendar/Pods-YCalendar-frameworks-${CONFIGURATION}-input-files.xcfilelist",
			);
			name = "[CP] Embed Pods Frameworks";
			outputFileListPaths = (
				"${PODS_ROOT}/Target Support Files/Pods-YCalendar/Pods-YCalendar-frameworks-${CONFIGURATION}-output-files.xcfilelist",
			);
			runOnlyForDeploymentPostprocessing = 0;
			shellPath = /bin/sh;
			shellScript = "\"${PODS_ROOT}/Target Support Files/Pods-YCalendar/Pods-YCalendar-frameworks.sh\"\n";
			showEnvVarsInLog = 0;
		};
/* End PBXShellScriptBuildPhase section */

/* Begin PBXSourcesBuildPhase section */
		61A895742882E22E00BD2A91 /* Sources */ = {
			isa = PBXSourcesBuildPhase;
			buildActionMask = 2147483647;
			files = (
				61A895952883A8AB00BD2A91 /* MonthViewController.swift in Sources */,
				21210FF6289035A60014E490 /* AMonth.swift in Sources */,
				21210FF428901DED0014E490 /* ADay.swift in Sources */,
				2107480428910B7500C74470 /* BaseApi.swift in Sources */,
				61A895802882E22E00BD2A91 /* ViewController.swift in Sources */,
				61A8957C2882E22E00BD2A91 /* AppDelegate.swift in Sources */,
				61A895A62884602300BD2A91 /* WeekdayViewController.swift in Sources */,
				61A8957E2882E22E00BD2A91 /* SceneDelegate.swift in Sources */,
				21210FF228901CD10014E490 /* DateComponents.swift in Sources */,
				61A8959B2883B9B100BD2A91 /* MonthCollectionViewCell.swift in Sources */,
			);
			runOnlyForDeploymentPostprocessing = 0;
		};
/* End PBXSourcesBuildPhase section */

/* Begin PBXVariantGroup section */
		61A895812882E22E00BD2A91 /* Main.storyboard */ = {
			isa = PBXVariantGroup;
			children = (
				61A895822882E22E00BD2A91 /* Base */,
			);
			name = Main.storyboard;
			sourceTree = "<group>";
		};
		61A895862882E22F00BD2A91 /* LaunchScreen.storyboard */ = {
			isa = PBXVariantGroup;
			children = (
				61A895872882E22F00BD2A91 /* Base */,
			);
			name = LaunchScreen.storyboard;
			sourceTree = "<group>";
		};
/* End PBXVariantGroup section */

/* Begin XCBuildConfiguration section */
		61A8958A2882E22F00BD2A91 /* Debug */ = {
			isa = XCBuildConfiguration;
			buildSettings = {
				ALWAYS_SEARCH_USER_PATHS = NO;
				CLANG_ANALYZER_NONNULL = YES;
				CLANG_ANALYZER_NUMBER_OBJECT_CONVERSION = YES_AGGRESSIVE;
				CLANG_CXX_LANGUAGE_STANDARD = "gnu++17";
				CLANG_ENABLE_MODULES = YES;
				CLANG_ENABLE_OBJC_ARC = YES;
				CLANG_ENABLE_OBJC_WEAK = YES;
				CLANG_WARN_BLOCK_CAPTURE_AUTORELEASING = YES;
				CLANG_WARN_BOOL_CONVERSION = YES;
				CLANG_WARN_COMMA = YES;
				CLANG_WARN_CONSTANT_CONVERSION = YES;
				CLANG_WARN_DEPRECATED_OBJC_IMPLEMENTATIONS = YES;
				CLANG_WARN_DIRECT_OBJC_ISA_USAGE = YES_ERROR;
				CLANG_WARN_DOCUMENTATION_COMMENTS = YES;
				CLANG_WARN_EMPTY_BODY = YES;
				CLANG_WARN_ENUM_CONVERSION = YES;
				CLANG_WARN_INFINITE_RECURSION = YES;
				CLANG_WARN_INT_CONVERSION = YES;
				CLANG_WARN_NON_LITERAL_NULL_CONVERSION = YES;
				CLANG_WARN_OBJC_IMPLICIT_RETAIN_SELF = YES;
				CLANG_WARN_OBJC_LITERAL_CONVERSION = YES;
				CLANG_WARN_OBJC_ROOT_CLASS = YES_ERROR;
				CLANG_WARN_QUOTED_INCLUDE_IN_FRAMEWORK_HEADER = YES;
				CLANG_WARN_RANGE_LOOP_ANALYSIS = YES;
				CLANG_WARN_STRICT_PROTOTYPES = YES;
				CLANG_WARN_SUSPICIOUS_MOVE = YES;
				CLANG_WARN_UNGUARDED_AVAILABILITY = YES_AGGRESSIVE;
				CLANG_WARN_UNREACHABLE_CODE = YES;
				CLANG_WARN__DUPLICATE_METHOD_MATCH = YES;
				COPY_PHASE_STRIP = NO;
				DEBUG_INFORMATION_FORMAT = dwarf;
				ENABLE_STRICT_OBJC_MSGSEND = YES;
				ENABLE_TESTABILITY = YES;
				GCC_C_LANGUAGE_STANDARD = gnu11;
				GCC_DYNAMIC_NO_PIC = NO;
				GCC_NO_COMMON_BLOCKS = YES;
				GCC_OPTIMIZATION_LEVEL = 0;
				GCC_PREPROCESSOR_DEFINITIONS = (
					"DEBUG=1",
					"$(inherited)",
				);
				GCC_WARN_64_TO_32_BIT_CONVERSION = YES;
				GCC_WARN_ABOUT_RETURN_TYPE = YES_ERROR;
				GCC_WARN_UNDECLARED_SELECTOR = YES;
				GCC_WARN_UNINITIALIZED_AUTOS = YES_AGGRESSIVE;
				GCC_WARN_UNUSED_FUNCTION = YES;
				GCC_WARN_UNUSED_VARIABLE = YES;
				IPHONEOS_DEPLOYMENT_TARGET = 15.5;
				MTL_ENABLE_DEBUG_INFO = INCLUDE_SOURCE;
				MTL_FAST_MATH = YES;
				ONLY_ACTIVE_ARCH = YES;
				SDKROOT = iphoneos;
				SWIFT_ACTIVE_COMPILATION_CONDITIONS = DEBUG;
				SWIFT_OPTIMIZATION_LEVEL = "-Onone";
			};
			name = Debug;
		};
		61A8958B2882E22F00BD2A91 /* Release */ = {
			isa = XCBuildConfiguration;
			buildSettings = {
				ALWAYS_SEARCH_USER_PATHS = NO;
				CLANG_ANALYZER_NONNULL = YES;
				CLANG_ANALYZER_NUMBER_OBJECT_CONVERSION = YES_AGGRESSIVE;
				CLANG_CXX_LANGUAGE_STANDARD = "gnu++17";
				CLANG_ENABLE_MODULES = YES;
				CLANG_ENABLE_OBJC_ARC = YES;
				CLANG_ENABLE_OBJC_WEAK = YES;
				CLANG_WARN_BLOCK_CAPTURE_AUTORELEASING = YES;
				CLANG_WARN_BOOL_CONVERSION = YES;
				CLANG_WARN_COMMA = YES;
				CLANG_WARN_CONSTANT_CONVERSION = YES;
				CLANG_WARN_DEPRECATED_OBJC_IMPLEMENTATIONS = YES;
				CLANG_WARN_DIRECT_OBJC_ISA_USAGE = YES_ERROR;
				CLANG_WARN_DOCUMENTATION_COMMENTS = YES;
				CLANG_WARN_EMPTY_BODY = YES;
				CLANG_WARN_ENUM_CONVERSION = YES;
				CLANG_WARN_INFINITE_RECURSION = YES;
				CLANG_WARN_INT_CONVERSION = YES;
				CLANG_WARN_NON_LITERAL_NULL_CONVERSION = YES;
				CLANG_WARN_OBJC_IMPLICIT_RETAIN_SELF = YES;
				CLANG_WARN_OBJC_LITERAL_CONVERSION = YES;
				CLANG_WARN_OBJC_ROOT_CLASS = YES_ERROR;
				CLANG_WARN_QUOTED_INCLUDE_IN_FRAMEWORK_HEADER = YES;
				CLANG_WARN_RANGE_LOOP_ANALYSIS = YES;
				CLANG_WARN_STRICT_PROTOTYPES = YES;
				CLANG_WARN_SUSPICIOUS_MOVE = YES;
				CLANG_WARN_UNGUARDED_AVAILABILITY = YES_AGGRESSIVE;
				CLANG_WARN_UNREACHABLE_CODE = YES;
				CLANG_WARN__DUPLICATE_METHOD_MATCH = YES;
				COPY_PHASE_STRIP = NO;
				DEBUG_INFORMATION_FORMAT = "dwarf-with-dsym";
				ENABLE_NS_ASSERTIONS = NO;
				ENABLE_STRICT_OBJC_MSGSEND = YES;
				GCC_C_LANGUAGE_STANDARD = gnu11;
				GCC_NO_COMMON_BLOCKS = YES;
				GCC_WARN_64_TO_32_BIT_CONVERSION = YES;
				GCC_WARN_ABOUT_RETURN_TYPE = YES_ERROR;
				GCC_WARN_UNDECLARED_SELECTOR = YES;
				GCC_WARN_UNINITIALIZED_AUTOS = YES_AGGRESSIVE;
				GCC_WARN_UNUSED_FUNCTION = YES;
				GCC_WARN_UNUSED_VARIABLE = YES;
				IPHONEOS_DEPLOYMENT_TARGET = 15.5;
				MTL_ENABLE_DEBUG_INFO = NO;
				MTL_FAST_MATH = YES;
				SDKROOT = iphoneos;
				SWIFT_COMPILATION_MODE = wholemodule;
				SWIFT_OPTIMIZATION_LEVEL = "-O";
				VALIDATE_PRODUCT = YES;
			};
			name = Release;
		};
		61A8958D2882E22F00BD2A91 /* Debug */ = {
			isa = XCBuildConfiguration;
			baseConfigurationReference = 8B70D0EB55ED2DAED3DBC270 /* Pods-YCalendar.debug.xcconfig */;
			buildSettings = {
				ASSETCATALOG_COMPILER_APPICON_NAME = AppIcon;
				ASSETCATALOG_COMPILER_GLOBAL_ACCENT_COLOR_NAME = AccentColor;
				CODE_SIGN_ENTITLEMENTS = YCalendar/YCalendar.entitlements;
				CODE_SIGN_IDENTITY = "Apple Development";
				CODE_SIGN_STYLE = Automatic;
				CURRENT_PROJECT_VERSION = 2;
				DEVELOPMENT_TEAM = 45C54WCX67;
				GENERATE_INFOPLIST_FILE = YES;
				INFOPLIST_FILE = YCalendar/App/Info.plist;
				INFOPLIST_KEY_UIApplicationSupportsIndirectInputEvents = YES;
				INFOPLIST_KEY_UILaunchStoryboardName = LaunchScreen;
				INFOPLIST_KEY_UIMainStoryboardFile = Main;
				INFOPLIST_KEY_UISupportedInterfaceOrientations_iPad = "UIInterfaceOrientationPortrait UIInterfaceOrientationPortraitUpsideDown UIInterfaceOrientationLandscapeLeft UIInterfaceOrientationLandscapeRight";
				INFOPLIST_KEY_UISupportedInterfaceOrientations_iPhone = "UIInterfaceOrientationPortrait UIInterfaceOrientationLandscapeLeft UIInterfaceOrientationLandscapeRight";
				IPHONEOS_DEPLOYMENT_TARGET = 13.0;
				LD_RUNPATH_SEARCH_PATHS = (
					"$(inherited)",
					"@executable_path/Frameworks",
				);
				MARKETING_VERSION = 1.0;
				PRODUCT_BUNDLE_IDENTIFIER = cn.youkun.ycanlendar;
				PRODUCT_NAME = "$(TARGET_NAME)";
				PROVISIONING_PROFILE_SPECIFIER = "";
				SUPPORTS_MACCATALYST = NO;
				SWIFT_EMIT_LOC_STRINGS = YES;
				SWIFT_VERSION = 5.0;
				TARGETED_DEVICE_FAMILY = "1,2";
			};
			name = Debug;
		};
		61A8958E2882E22F00BD2A91 /* Release */ = {
			isa = XCBuildConfiguration;
			baseConfigurationReference = 09622AC3FDCE3DEB69114C0E /* Pods-YCalendar.release.xcconfig */;
			buildSettings = {
				ASSETCATALOG_COMPILER_APPICON_NAME = AppIcon;
				ASSETCATALOG_COMPILER_GLOBAL_ACCENT_COLOR_NAME = AccentColor;
				CODE_SIGN_ENTITLEMENTS = YCalendar/YCalendar.entitlements;
				CODE_SIGN_IDENTITY = "Apple Development";
				CODE_SIGN_STYLE = Automatic;
				CURRENT_PROJECT_VERSION = 2;
				DEVELOPMENT_TEAM = 45C54WCX67;
				GENERATE_INFOPLIST_FILE = YES;
				INFOPLIST_FILE = YCalendar/App/Info.plist;
				INFOPLIST_KEY_UIApplicationSupportsIndirectInputEvents = YES;
				INFOPLIST_KEY_UILaunchStoryboardName = LaunchScreen;
				INFOPLIST_KEY_UIMainStoryboardFile = Main;
				INFOPLIST_KEY_UISupportedInterfaceOrientations_iPad = "UIInterfaceOrientationPortrait UIInterfaceOrientationPortraitUpsideDown UIInterfaceOrientationLandscapeLeft UIInterfaceOrientationLandscapeRight";
				INFOPLIST_KEY_UISupportedInterfaceOrientations_iPhone = "UIInterfaceOrientationPortrait UIInterfaceOrientationLandscapeLeft UIInterfaceOrientationLandscapeRight";
				IPHONEOS_DEPLOYMENT_TARGET = 13.0;
				LD_RUNPATH_SEARCH_PATHS = (
					"$(inherited)",
					"@executable_path/Frameworks",
				);
				MARKETING_VERSION = 1.0;
				PRODUCT_BUNDLE_IDENTIFIER = cn.youkun.ycanlendar;
				PRODUCT_NAME = "$(TARGET_NAME)";
				PROVISIONING_PROFILE_SPECIFIER = "";
				SUPPORTS_MACCATALYST = NO;
				SWIFT_EMIT_LOC_STRINGS = YES;
				SWIFT_VERSION = 5.0;
				TARGETED_DEVICE_FAMILY = "1,2";
			};
			name = Release;
		};
/* End XCBuildConfiguration section */

/* Begin XCConfigurationList section */
		61A895732882E22E00BD2A91 /* Build configuration list for PBXProject "YCalendar" */ = {
			isa = XCConfigurationList;
			buildConfigurations = (
				61A8958A2882E22F00BD2A91 /* Debug */,
				61A8958B2882E22F00BD2A91 /* Release */,
			);
			defaultConfigurationIsVisible = 0;
			defaultConfigurationName = Release;
		};
		61A8958C2882E22F00BD2A91 /* Build configuration list for PBXNativeTarget "YCalendar" */ = {
			isa = XCConfigurationList;
			buildConfigurations = (
				61A8958D2882E22F00BD2A91 /* Debug */,
				61A8958E2882E22F00BD2A91 /* Release */,
			);
			defaultConfigurationIsVisible = 0;
			defaultConfigurationName = Release;
		};
/* End XCConfigurationList section */
	};
	rootObject = 61A895702882E22E00BD2A91 /* Project object */;
}
